// !$*UTF8*$!
{
	archiveVersion = 1;
	classes = {
	};
	objectVersion = 50;
	objects = {

/* Begin PBXBuildFile section */
		1A041D152551373E006E2463 /* MapView.swift in Sources */ = {isa = PBXBuildFile; fileRef = 1A041D142551373E006E2463 /* MapView.swift */; };
		1A041D1825513A57006E2463 /* LaunchpadDetailView.swift in Sources */ = {isa = PBXBuildFile; fileRef = 1A041D1725513A57006E2463 /* LaunchpadDetailView.swift */; };
		1A75CC892550C5D7002BF52F /* AppDelegate.swift in Sources */ = {isa = PBXBuildFile; fileRef = 1A75CC882550C5D7002BF52F /* AppDelegate.swift */; };
		1A75CC8B2550C5D7002BF52F /* SceneDelegate.swift in Sources */ = {isa = PBXBuildFile; fileRef = 1A75CC8A2550C5D7002BF52F /* SceneDelegate.swift */; };
		1A75CC8D2550C5D7002BF52F /* ContentView.swift in Sources */ = {isa = PBXBuildFile; fileRef = 1A75CC8C2550C5D7002BF52F /* ContentView.swift */; };
		1A75CC8F2550C5D9002BF52F /* Assets.xcassets in Resources */ = {isa = PBXBuildFile; fileRef = 1A75CC8E2550C5D9002BF52F /* Assets.xcassets */; };
		1A75CC922550C5D9002BF52F /* Preview Assets.xcassets in Resources */ = {isa = PBXBuildFile; fileRef = 1A75CC912550C5D9002BF52F /* Preview Assets.xcassets */; };
		1A75CC952550C5D9002BF52F /* LaunchScreen.storyboard in Resources */ = {isa = PBXBuildFile; fileRef = 1A75CC932550C5D9002BF52F /* LaunchScreen.storyboard */; };
		1A75CC9F2550C609002BF52F /* Launchpad.swift in Sources */ = {isa = PBXBuildFile; fileRef = 1A75CC9E2550C609002BF52F /* Launchpad.swift */; };
		1A75CCA42550C69E002BF52F /* LaunchpadApiService.swift in Sources */ = {isa = PBXBuildFile; fileRef = 1A75CCA32550C69E002BF52F /* LaunchpadApiService.swift */; };
		1A75CCA82550C7CB002BF52F /* LaunchpadListViewModel.swift in Sources */ = {isa = PBXBuildFile; fileRef = 1A75CCA72550C7CB002BF52F /* LaunchpadListViewModel.swift */; };
/* End PBXBuildFile section */

/* Begin PBXFileReference section */
		1A041D142551373E006E2463 /* MapView.swift */ = {isa = PBXFileReference; lastKnownFileType = sourcecode.swift; path = MapView.swift; sourceTree = "<group>"; };
		1A041D1725513A57006E2463 /* LaunchpadDetailView.swift */ = {isa = PBXFileReference; lastKnownFileType = sourcecode.swift; path = LaunchpadDetailView.swift; sourceTree = "<group>"; };
		1A75CC852550C5D7002BF52F /* SpaceXLaunchpads.app */ = {isa = PBXFileReference; explicitFileType = wrapper.application; includeInIndex = 0; path = SpaceXLaunchpads.app; sourceTree = BUILT_PRODUCTS_DIR; };
		1A75CC882550C5D7002BF52F /* AppDelegate.swift */ = {isa = PBXFileReference; lastKnownFileType = sourcecode.swift; path = AppDelegate.swift; sourceTree = "<group>"; };
		1A75CC8A2550C5D7002BF52F /* SceneDelegate.swift */ = {isa = PBXFileReference; lastKnownFileType = sourcecode.swift; path = SceneDelegate.swift; sourceTree = "<group>"; };
		1A75CC8C2550C5D7002BF52F /* ContentView.swift */ = {isa = PBXFileReference; lastKnownFileType = sourcecode.swift; path = ContentView.swift; sourceTree = "<group>"; };
		1A75CC8E2550C5D9002BF52F /* Assets.xcassets */ = {isa = PBXFileReference; lastKnownFileType = folder.assetcatalog; path = Assets.xcassets; sourceTree = "<group>"; };
		1A75CC912550C5D9002BF52F /* Preview Assets.xcassets */ = {isa = PBXFileReference; lastKnownFileType = folder.assetcatalog; path = "Preview Assets.xcassets"; sourceTree = "<group>"; };
		1A75CC942550C5D9002BF52F /* Base */ = {isa = PBXFileReference; lastKnownFileType = file.storyboard; name = Base; path = Base.lproj/LaunchScreen.storyboard; sourceTree = "<group>"; };
		1A75CC962550C5D9002BF52F /* Info.plist */ = {isa = PBXFileReference; lastKnownFileType = text.plist.xml; path = Info.plist; sourceTree = "<group>"; };
		1A75CC9E2550C609002BF52F /* Launchpad.swift */ = {isa = PBXFileReference; lastKnownFileType = sourcecode.swift; path = Launchpad.swift; sourceTree = "<group>"; };
		1A75CCA32550C69E002BF52F /* LaunchpadApiService.swift */ = {isa = PBXFileReference; lastKnownFileType = sourcecode.swift; path = LaunchpadApiService.swift; sourceTree = "<group>"; };
		1A75CCA72550C7CB002BF52F /* LaunchpadListViewModel.swift */ = {isa = PBXFileReference; lastKnownFileType = sourcecode.swift; path = LaunchpadListViewModel.swift; sourceTree = "<group>"; };
/* End PBXFileReference section */

/* Begin PBXFrameworksBuildPhase section */
		1A75CC822550C5D7002BF52F /* Frameworks */ = {
			isa = PBXFrameworksBuildPhase;
			buildActionMask = 2147483647;
			files = (
			);
			runOnlyForDeploymentPostprocessing = 0;
		};
/* End PBXFrameworksBuildPhase section */

/* Begin PBXGroup section */
		1A75CC7C2550C5D7002BF52F = {
			isa = PBXGroup;
			children = (
				1A75CC872550C5D7002BF52F /* SpaceXLaunchpads */,
				1A75CC862550C5D7002BF52F /* Products */,
			);
			sourceTree = "<group>";
		};
		1A75CC862550C5D7002BF52F /* Products */ = {
			isa = PBXGroup;
			children = (
				1A75CC852550C5D7002BF52F /* SpaceXLaunchpads.app */,
			);
			name = Products;
			sourceTree = "<group>";
		};
		1A75CC872550C5D7002BF52F /* SpaceXLaunchpads */ = {
			isa = PBXGroup;
			children = (
				1A75CCA62550C78E002BF52F /* View Models */,
				1A75CCA22550C692002BF52F /* Services */,
				1A75CC9D2550C5E4002BF52F /* Models */,
				1A75CC882550C5D7002BF52F /* AppDelegate.swift */,
				1A75CC8A2550C5D7002BF52F /* SceneDelegate.swift */,
				1A75CC8C2550C5D7002BF52F /* ContentView.swift */,
				1A041D1725513A57006E2463 /* LaunchpadDetailView.swift */,
				1A041D142551373E006E2463 /* MapView.swift */,
				1A75CC8E2550C5D9002BF52F /* Assets.xcassets */,
				1A75CC932550C5D9002BF52F /* LaunchScreen.storyboard */,
				1A75CC962550C5D9002BF52F /* Info.plist */,
				1A75CC902550C5D9002BF52F /* Preview Content */,
			);
			path = SpaceXLaunchpads;
			sourceTree = "<group>";
		};
		1A75CC902550C5D9002BF52F /* Preview Content */ = {
			isa = PBXGroup;
			children = (
				1A75CC912550C5D9002BF52F /* Preview Assets.xcassets */,
			);
			path = "Preview Content";
			sourceTree = "<group>";
		};
		1A75CC9D2550C5E4002BF52F /* Models */ = {
			isa = PBXGroup;
			children = (
				1A75CC9E2550C609002BF52F /* Launchpad.swift */,
			);
			path = Models;
			sourceTree = "<group>";
		};
		1A75CCA22550C692002BF52F /* Services */ = {
			isa = PBXGroup;
			children = (
				1A75CCA32550C69E002BF52F /* LaunchpadApiService.swift */,
			);
			path = Services;
			sourceTree = "<group>";
		};
		1A75CCA62550C78E002BF52F /* View Models */ = {
			isa = PBXGroup;
			children = (
				1A75CCA72550C7CB002BF52F /* LaunchpadListViewModel.swift */,
			);
			path = "View Models";
			sourceTree = "<group>";
		};
/* End PBXGroup section */

/* Begin PBXNativeTarget section */
		1A75CC842550C5D7002BF52F /* SpaceXLaunchpads */ = {
			isa = PBXNativeTarget;
			buildConfigurationList = 1A75CC992550C5D9002BF52F /* Build configuration list for PBXNativeTarget "SpaceXLaunchpads" */;
			buildPhases = (
				1A75CC812550C5D7002BF52F /* Sources */,
				1A75CC822550C5D7002BF52F /* Frameworks */,
				1A75CC832550C5D7002BF52F /* Resources */,
			);
			buildRules = (
			);
			dependencies = (
			);
			name = SpaceXLaunchpads;
			productName = SpaceXLaunchpads;
			productReference = 1A75CC852550C5D7002BF52F /* SpaceXLaunchpads.app */;
			productType = "com.apple.product-type.application";
		};
/* End PBXNativeTarget section */

/* Begin PBXProject section */
		1A75CC7D2550C5D7002BF52F /* Project object */ = {
			isa = PBXProject;
			attributes = {
				LastSwiftUpdateCheck = 1210;
				LastUpgradeCheck = 1210;
				TargetAttributes = {
					1A75CC842550C5D7002BF52F = {
						CreatedOnToolsVersion = 12.1;
					};
				};
			};
			buildConfigurationList = 1A75CC802550C5D7002BF52F /* Build configuration list for PBXProject "SpaceXLaunchpads" */;
			compatibilityVersion = "Xcode 9.3";
			developmentRegion = en;
			hasScannedForEncodings = 0;
			knownRegions = (
				en,
				Base,
			);
			mainGroup = 1A75CC7C2550C5D7002BF52F;
			productRefGroup = 1A75CC862550C5D7002BF52F /* Products */;
			projectDirPath = "";
			projectRoot = "";
			targets = (
				1A75CC842550C5D7002BF52F /* SpaceXLaunchpads */,
			);
		};
/* End PBXProject section */

/* Begin PBXResourcesBuildPhase section */
		1A75CC832550C5D7002BF52F /* Resources */ = {
			isa = PBXResourcesBuildPhase;
			buildActionMask = 2147483647;
			files = (
				1A75CC952550C5D9002BF52F /* LaunchScreen.storyboard in Resources */,
				1A75CC922550C5D9002BF52F /* Preview Assets.xcassets in Resources */,
				1A75CC8F2550C5D9002BF52F /* Assets.xcassets in Resources */,
			);
			runOnlyForDeploymentPostprocessing = 0;
		};
/* End PBXResourcesBuildPhase section */

/* Begin PBXSourcesBuildPhase section */
		1A75CC812550C5D7002BF52F /* Sources */ = {
			isa = PBXSourcesBuildPhase;
			buildActionMask = 2147483647;
			files = (
				1A041D152551373E006E2463 /* MapView.swift in Sources */,
				1A75CC892550C5D7002BF52F /* AppDelegate.swift in Sources */,
				1A041D1825513A57006E2463 /* LaunchpadDetailView.swift in Sources */,
				1A75CCA82550C7CB002BF52F /* LaunchpadListViewModel.swift in Sources */,
				1A75CC8B2550C5D7002BF52F /* SceneDelegate.swift in Sources */,
				1A75CC9F2550C609002BF52F /* Launchpad.swift in Sources */,
				1A75CC8D2550C5D7002BF52F /* ContentView.swift in Sources */,
				1A75CCA42550C69E002BF52F /* LaunchpadApiService.swift in Sources */,
			);
			runOnlyForDeploymentPostprocessing = 0;
		};
/* End PBXSourcesBuildPhase section */

/* Begin PBXVariantGroup section */
		1A75CC932550C5D9002BF52F /* LaunchScreen.storyboard */ = {
			isa = PBXVariantGroup;
			children = (
				1A75CC942550C5D9002BF52F /* Base */,
			);
			name = LaunchScreen.storyboard;
			sourceTree = "<group>";
		};
/* End PBXVariantGroup section */

/* Begin XCBuildConfiguration section */
		1A75CC972550C5D9002BF52F /* Debug */ = {
			isa = XCBuildConfiguration;
			buildSettings = {
				ALWAYS_SEARCH_USER_PATHS = NO;
				CLANG_ANALYZER_NONNULL = YES;
				CLANG_ANALYZER_NUMBER_OBJECT_CONVERSION = YES_AGGRESSIVE;
				CLANG_CXX_LANGUAGE_STANDARD = "gnu++14";
				CLANG_CXX_LIBRARY = "libc++";
				CLANG_ENABLE_MODULES = YES;
				CLANG_ENABLE_OBJC_ARC = YES;
				CLANG_ENABLE_OBJC_WEAK = YES;
				CLANG_WARN_BLOCK_CAPTURE_AUTORELEASING = YES;
				CLANG_WARN_BOOL_CONVERSION = YES;
				CLANG_WARN_COMMA = YES;
				CLANG_WARN_CONSTANT_CONVERSION = YES;
				CLANG_WARN_DEPRECATED_OBJC_IMPLEMENTATIONS = YES;
				CLANG_WARN_DIRECT_OBJC_ISA_USAGE = YES_ERROR;
				CLANG_WARN_DOCUMENTATION_COMMENTS = YES;
				CLANG_WARN_EMPTY_BODY = YES;
				CLANG_WARN_ENUM_CONVERSION = YES;
				CLANG_WARN_INFINITE_RECURSION = YES;
				CLANG_WARN_INT_CONVERSION = YES;
				CLANG_WARN_NON_LITERAL_NULL_CONVERSION = YES;
				CLANG_WARN_OBJC_IMPLICIT_RETAIN_SELF = YES;
				CLANG_WARN_OBJC_LITERAL_CONVERSION = YES;
				CLANG_WARN_OBJC_ROOT_CLASS = YES_ERROR;
				CLANG_WARN_QUOTED_INCLUDE_IN_FRAMEWORK_HEADER = YES;
				CLANG_WARN_RANGE_LOOP_ANALYSIS = YES;
				CLANG_WARN_STRICT_PROTOTYPES = YES;
				CLANG_WARN_SUSPICIOUS_MOVE = YES;
				CLANG_WARN_UNGUARDED_AVAILABILITY = YES_AGGRESSIVE;
				CLANG_WARN_UNREACHABLE_CODE = YES;
				CLANG_WARN__DUPLICATE_METHOD_MATCH = YES;
				COPY_PHASE_STRIP = NO;
				DEBUG_INFORMATION_FORMAT = dwarf;
				ENABLE_STRICT_OBJC_MSGSEND = YES;
				ENABLE_TESTABILITY = YES;
				GCC_C_LANGUAGE_STANDARD = gnu11;
				GCC_DYNAMIC_NO_PIC = NO;
				GCC_NO_COMMON_BLOCKS = YES;
				GCC_OPTIMIZATION_LEVEL = 0;
				GCC_PREPROCESSOR_DEFINITIONS = (
					"DEBUG=1",
					"$(inherited)",
				);
				GCC_WARN_64_TO_32_BIT_CONVERSION = YES;
				GCC_WARN_ABOUT_RETURN_TYPE = YES_ERROR;
				GCC_WARN_UNDECLARED_SELECTOR = YES;
				GCC_WARN_UNINITIALIZED_AUTOS = YES_AGGRESSIVE;
				GCC_WARN_UNUSED_FUNCTION = YES;
				GCC_WARN_UNUSED_VARIABLE = YES;
				IPHONEOS_DEPLOYMENT_TARGET = 14.1;
				MTL_ENABLE_DEBUG_INFO = INCLUDE_SOURCE;
				MTL_FAST_MATH = YES;
				ONLY_ACTIVE_ARCH = YES;
				SDKROOT = iphoneos;
				SWIFT_ACTIVE_COMPILATION_CONDITIONS = DEBUG;
				SWIFT_OPTIMIZATION_LEVEL = "-Onone";
			};
			name = Debug;
		};
		1A75CC982550C5D9002BF52F /* Release */ = {
			isa = XCBuildConfiguration;
			buildSettings = {
				ALWAYS_SEARCH_USER_PATHS = NO;
				CLANG_ANALYZER_NONNULL = YES;
				CLANG_ANALYZER_NUMBER_OBJECT_CONVERSION = YES_AGGRESSIVE;
				CLANG_CXX_LANGUAGE_STANDARD = "gnu++14";
				CLANG_CXX_LIBRARY = "libc++";
				CLANG_ENABLE_MODULES = YES;
				CLANG_ENABLE_OBJC_ARC = YES;
				CLANG_ENABLE_OBJC_WEAK = YES;
				CLANG_WARN_BLOCK_CAPTURE_AUTORELEASING = YES;
				CLANG_WARN_BOOL_CONVERSION = YES;
				CLANG_WARN_COMMA = YES;
				CLANG_WARN_CONSTANT_CONVERSION = YES;
				CLANG_WARN_DEPRECATED_OBJC_IMPLEMENTATIONS = YES;
				CLANG_WARN_DIRECT_OBJC_ISA_USAGE = YES_ERROR;
				CLANG_WARN_DOCUMENTATION_COMMENTS = YES;
				CLANG_WARN_EMPTY_BODY = YES;
				CLANG_WARN_ENUM_CONVERSION = YES;
				CLANG_WARN_INFINITE_RECURSION = YES;
				CLANG_WARN_INT_CONVERSION = YES;
				CLANG_WARN_NON_LITERAL_NULL_CONVERSION = YES;
				CLANG_WARN_OBJC_IMPLICIT_RETAIN_SELF = YES;
				CLANG_WARN_OBJC_LITERAL_CONVERSION = YES;
				CLANG_WARN_OBJC_ROOT_CLASS = YES_ERROR;
				CLANG_WARN_QUOTED_INCLUDE_IN_FRAMEWORK_HEADER = YES;
				CLANG_WARN_RANGE_LOOP_ANALYSIS = YES;
				CLANG_WARN_STRICT_PROTOTYPES = YES;
				CLANG_WARN_SUSPICIOUS_MOVE = YES;
				CLANG_WARN_UNGUARDED_AVAILABILITY = YES_AGGRESSIVE;
				CLANG_WARN_UNREACHABLE_CODE = YES;
				CLANG_WARN__DUPLICATE_METHOD_MATCH = YES;
				COPY_PHASE_STRIP = NO;
				DEBUG_INFORMATION_FORMAT = "dwarf-with-dsym";
				ENABLE_NS_ASSERTIONS = NO;
				ENABLE_STRICT_OBJC_MSGSEND = YES;
				GCC_C_LANGUAGE_STANDARD = gnu11;
				GCC_NO_COMMON_BLOCKS = YES;
				GCC_WARN_64_TO_32_BIT_CONVERSION = YES;
				GCC_WARN_ABOUT_RETURN_TYPE = YES_ERROR;
				GCC_WARN_UNDECLARED_SELECTOR = YES;
				GCC_WARN_UNINITIALIZED_AUTOS = YES_AGGRESSIVE;
				GCC_WARN_UNUSED_FUNCTION = YES;
				GCC_WARN_UNUSED_VARIABLE = YES;
				IPHONEOS_DEPLOYMENT_TARGET = 14.1;
				MTL_ENABLE_DEBUG_INFO = NO;
				MTL_FAST_MATH = YES;
				SDKROOT = iphoneos;
				SWIFT_COMPILATION_MODE = wholemodule;
				SWIFT_OPTIMIZATION_LEVEL = "-O";
				VALIDATE_PRODUCT = YES;
			};
			name = Release;
		};
		1A75CC9A2550C5D9002BF52F /* Debug */ = {
			isa = XCBuildConfiguration;
			buildSettings = {
				ASSETCATALOG_COMPILER_APPICON_NAME = AppIcon;
				ASSETCATALOG_COMPILER_GLOBAL_ACCENT_COLOR_NAME = AccentColor;
				CODE_SIGN_STYLE = Automatic;
				DEVELOPMENT_ASSET_PATHS = "\"SpaceXLaunchpads/Preview Content\"";
				DEVELOPMENT_TEAM = P5GE34PCWL;
				ENABLE_PREVIEWS = YES;
				INFOPLIST_FILE = SpaceXLaunchpads/Info.plist;
				IPHONEOS_DEPLOYMENT_TARGET = 14.0;
				LD_RUNPATH_SEARCH_PATHS = (
					"$(inherited)",
					"@executable_path/Frameworks",
				);
				PRODUCT_BUNDLE_IDENTIFIER = emirkucukosman.SpaceXLaunchpads;
				PRODUCT_NAME = "$(TARGET_NAME)";
				SWIFT_VERSION = 5.0;
				TARGETED_DEVICE_FAMILY = "1,2";
			};
			name = Debug;
		};
		1A75CC9B2550C5D9002BF52F /* Release */ = {
			isa = XCBuildConfiguration;
			buildSettings = {
				ASSETCATALOG_COMPILER_APPICON_NAME = AppIcon;
				ASSETCATALOG_COMPILER_GLOBAL_ACCENT_COLOR_NAME = AccentColor;
				CODE_SIGN_STYLE = Automatic;
				DEVELOPMENT_ASSET_PATHS = "\"SpaceXLaunchpads/Preview Content\"";
				DEVELOPMENT_TEAM = P5GE34PCWL;
				ENABLE_PREVIEWS = YES;
				INFOPLIST_FILE = SpaceXLaunchpads/Info.plist;
				IPHONEOS_DEPLOYMENT_TARGET = 14.0;
				LD_RUNPATH_SEARCH_PATHS = (
					"$(inherited)",
					"@executable_path/Frameworks",
				);
				PRODUCT_BUNDLE_IDENTIFIER = emirkucukosman.SpaceXLaunchpads;
				PRODUCT_NAME = "$(TARGET_NAME)";
				SWIFT_VERSION = 5.0;
				TARGETED_DEVICE_FAMILY = "1,2";
			};
			name = Release;
		};
/* End XCBuildConfiguration section */

/* Begin XCConfigurationList section */
		1A75CC802550C5D7002BF52F /* Build configuration list for PBXProject "SpaceXLaunchpads" */ = {
			isa = XCConfigurationList;
			buildConfigurations = (
				1A75CC972550C5D9002BF52F /* Debug */,
				1A75CC982550C5D9002BF52F /* Release */,
			);
			defaultConfigurationIsVisible = 0;
			defaultConfigurationName = Release;
		};
		1A75CC992550C5D9002BF52F /* Build configuration list for PBXNativeTarget "SpaceXLaunchpads" */ = {
			isa = XCConfigurationList;
			buildConfigurations = (
				1A75CC9A2550C5D9002BF52F /* Debug */,
				1A75CC9B2550C5D9002BF52F /* Release */,
			);
			defaultConfigurationIsVisible = 0;
			defaultConfigurationName = Release;
		};
/* End XCConfigurationList section */
	};
	rootObject = 1A75CC7D2550C5D7002BF52F /* Project object */;
}
